// !$*UTF8*$!
{
	archiveVersion = 1;
	classes = {
	};
	objectVersion = 56;
	objects = {

/* Begin PBXBuildFile section */
		6C818ADF2AF69C8E00CD1630 /* AirBnBAppApp.swift in Sources */ = {isa = PBXBuildFile; fileRef = 6C818ADE2AF69C8E00CD1630 /* AirBnBAppApp.swift */; };
		6C818AE12AF69C8E00CD1630 /* ContentView.swift in Sources */ = {isa = PBXBuildFile; fileRef = 6C818AE02AF69C8E00CD1630 /* ContentView.swift */; };
		6C818AE32AF69C9300CD1630 /* Assets.xcassets in Resources */ = {isa = PBXBuildFile; fileRef = 6C818AE22AF69C9300CD1630 /* Assets.xcassets */; };
		6C818AE62AF69C9300CD1630 /* Preview Assets.xcassets in Resources */ = {isa = PBXBuildFile; fileRef = 6C818AE52AF69C9300CD1630 /* Preview Assets.xcassets */; };
		6C818AF82AF69E0B00CD1630 /* ExploreView.swift in Sources */ = {isa = PBXBuildFile; fileRef = 6C818AF72AF69E0A00CD1630 /* ExploreView.swift */; };
		6C818AFA2AF69EB900CD1630 /* ListingItemView.swift in Sources */ = {isa = PBXBuildFile; fileRef = 6C818AF92AF69EB900CD1630 /* ListingItemView.swift */; };
		6C818AFE2AF6AE0600CD1630 /* SearchAndFilterBar.swift in Sources */ = {isa = PBXBuildFile; fileRef = 6C818AFD2AF6AE0600CD1630 /* SearchAndFilterBar.swift */; };
/* End PBXBuildFile section */

/* Begin PBXFileReference section */
		6C818ADB2AF69C8E00CD1630 /* AirBnBApp.app */ = {isa = PBXFileReference; explicitFileType = wrapper.application; includeInIndex = 0; path = AirBnBApp.app; sourceTree = BUILT_PRODUCTS_DIR; };
		6C818ADE2AF69C8E00CD1630 /* AirBnBAppApp.swift */ = {isa = PBXFileReference; lastKnownFileType = sourcecode.swift; path = AirBnBAppApp.swift; sourceTree = "<group>"; };
		6C818AE02AF69C8E00CD1630 /* ContentView.swift */ = {isa = PBXFileReference; lastKnownFileType = sourcecode.swift; path = ContentView.swift; sourceTree = "<group>"; };
		6C818AE22AF69C9300CD1630 /* Assets.xcassets */ = {isa = PBXFileReference; lastKnownFileType = folder.assetcatalog; path = Assets.xcassets; sourceTree = "<group>"; };
		6C818AE52AF69C9300CD1630 /* Preview Assets.xcassets */ = {isa = PBXFileReference; lastKnownFileType = folder.assetcatalog; path = "Preview Assets.xcassets"; sourceTree = "<group>"; };
		6C818AF72AF69E0A00CD1630 /* ExploreView.swift */ = {isa = PBXFileReference; lastKnownFileType = sourcecode.swift; path = ExploreView.swift; sourceTree = "<group>"; };
		6C818AF92AF69EB900CD1630 /* ListingItemView.swift */ = {isa = PBXFileReference; lastKnownFileType = sourcecode.swift; path = ListingItemView.swift; sourceTree = "<group>"; };
		6C818AFD2AF6AE0600CD1630 /* SearchAndFilterBar.swift */ = {isa = PBXFileReference; lastKnownFileType = sourcecode.swift; path = SearchAndFilterBar.swift; sourceTree = "<group>"; };
/* End PBXFileReference section */

/* Begin PBXFrameworksBuildPhase section */
		6C818AD82AF69C8E00CD1630 /* Frameworks */ = {
			isa = PBXFrameworksBuildPhase;
			buildActionMask = 2147483647;
			files = (
			);
			runOnlyForDeploymentPostprocessing = 0;
		};
/* End PBXFrameworksBuildPhase section */

/* Begin PBXGroup section */
		6C818AD22AF69C8E00CD1630 = {
			isa = PBXGroup;
			children = (
				6C818ADD2AF69C8E00CD1630 /* AirBnBApp */,
				6C818ADC2AF69C8E00CD1630 /* Products */,
			);
			sourceTree = "<group>";
		};
		6C818ADC2AF69C8E00CD1630 /* Products */ = {
			isa = PBXGroup;
			children = (
				6C818ADB2AF69C8E00CD1630 /* AirBnBApp.app */,
			);
			name = Products;
			sourceTree = "<group>";
		};
		6C818ADD2AF69C8E00CD1630 /* AirBnBApp */ = {
			isa = PBXGroup;
			children = (
				6C818AEC2AF69D1400CD1630 /* App */,
				6C818AED2AF69D1900CD1630 /* Core */,
				6C818AEE2AF69D1E00CD1630 /* Extensions */,
				6C818AEF2AF69D2400CD1630 /* Models */,
				6C818AF02AF69D2900CD1630 /* Utils */,
				6C818ADE2AF69C8E00CD1630 /* AirBnBAppApp.swift */,
				6C818AE02AF69C8E00CD1630 /* ContentView.swift */,
				6C818AE22AF69C9300CD1630 /* Assets.xcassets */,
				6C818AE42AF69C9300CD1630 /* Preview Content */,
			);
			path = AirBnBApp;
			sourceTree = "<group>";
		};
		6C818AE42AF69C9300CD1630 /* Preview Content */ = {
			isa = PBXGroup;
			children = (
				6C818AE52AF69C9300CD1630 /* Preview Assets.xcassets */,
			);
			path = "Preview Content";
			sourceTree = "<group>";
		};
		6C818AEC2AF69D1400CD1630 /* App */ = {
			isa = PBXGroup;
			children = (
			);
			path = App;
			sourceTree = "<group>";
		};
		6C818AED2AF69D1900CD1630 /* Core */ = {
			isa = PBXGroup;
			children = (
				6C818AF12AF69D4E00CD1630 /* Explore */,
				6C818AF22AF69D5400CD1630 /* Listings */,
				6C818AF32AF69D6100CD1630 /* MapView */,
				6C818AF42AF69D6700CD1630 /* Profile */,
				6C818AF52AF69D6F00CD1630 /* Root */,
				6C818AF62AF69D7400CD1630 /* TabBar */,
			);
			path = Core;
			sourceTree = "<group>";
		};
		6C818AEE2AF69D1E00CD1630 /* Extensions */ = {
			isa = PBXGroup;
			children = (
			);
			path = Extensions;
			sourceTree = "<group>";
		};
		6C818AEF2AF69D2400CD1630 /* Models */ = {
			isa = PBXGroup;
			children = (
			);
			path = Models;
			sourceTree = "<group>";
		};
		6C818AF02AF69D2900CD1630 /* Utils */ = {
			isa = PBXGroup;
			children = (
			);
			path = Utils;
			sourceTree = "<group>";
		};
		6C818AF12AF69D4E00CD1630 /* Explore */ = {
			isa = PBXGroup;
			children = (
				6C818AF72AF69E0A00CD1630 /* ExploreView.swift */,
				6C818AFD2AF6AE0600CD1630 /* SearchAndFilterBar.swift */,
			);
			path = Explore;
			sourceTree = "<group>";
		};
		6C818AF22AF69D5400CD1630 /* Listings */ = {
			isa = PBXGroup;
			children = (
				6C818AF92AF69EB900CD1630 /* ListingItemView.swift */,
			);
			path = Listings;
			sourceTree = "<group>";
		};
		6C818AF32AF69D6100CD1630 /* MapView */ = {
			isa = PBXGroup;
			children = (
			);
			path = MapView;
			sourceTree = "<group>";
		};
		6C818AF42AF69D6700CD1630 /* Profile */ = {
			isa = PBXGroup;
			children = (
			);
			path = Profile;
			sourceTree = "<group>";
		};
		6C818AF52AF69D6F00CD1630 /* Root */ = {
			isa = PBXGroup;
			children = (
			);
			path = Root;
			sourceTree = "<group>";
		};
		6C818AF62AF69D7400CD1630 /* TabBar */ = {
			isa = PBXGroup;
			children = (
			);
			path = TabBar;
			sourceTree = "<group>";
		};
/* End PBXGroup section */

/* Begin PBXNativeTarget section */
		6C818ADA2AF69C8E00CD1630 /* AirBnBApp */ = {
			isa = PBXNativeTarget;
			buildConfigurationList = 6C818AE92AF69C9300CD1630 /* Build configuration list for PBXNativeTarget "AirBnBApp" */;
			buildPhases = (
				6C818AD72AF69C8E00CD1630 /* Sources */,
				6C818AD82AF69C8E00CD1630 /* Frameworks */,
				6C818AD92AF69C8E00CD1630 /* Resources */,
			);
			buildRules = (
			);
			dependencies = (
			);
			name = AirBnBApp;
			productName = AirBnBApp;
			productReference = 6C818ADB2AF69C8E00CD1630 /* AirBnBApp.app */;
			productType = "com.apple.product-type.application";
		};
/* End PBXNativeTarget section */

/* Begin PBXProject section */
		6C818AD32AF69C8E00CD1630 /* Project object */ = {
			isa = PBXProject;
			attributes = {
				BuildIndependentTargetsInParallel = 1;
				LastSwiftUpdateCheck = 1500;
				LastUpgradeCheck = 1500;
				TargetAttributes = {
					6C818ADA2AF69C8E00CD1630 = {
						CreatedOnToolsVersion = 15.0.1;
					};
				};
			};
			buildConfigurationList = 6C818AD62AF69C8E00CD1630 /* Build configuration list for PBXProject "AirBnBApp" */;
			compatibilityVersion = "Xcode 14.0";
			developmentRegion = en;
			hasScannedForEncodings = 0;
			knownRegions = (
				en,
				Base,
			);
			mainGroup = 6C818AD22AF69C8E00CD1630;
			productRefGroup = 6C818ADC2AF69C8E00CD1630 /* Products */;
			projectDirPath = "";
			projectRoot = "";
			targets = (
				6C818ADA2AF69C8E00CD1630 /* AirBnBApp */,
			);
		};
/* End PBXProject section */

/* Begin PBXResourcesBuildPhase section */
		6C818AD92AF69C8E00CD1630 /* Resources */ = {
			isa = PBXResourcesBuildPhase;
			buildActionMask = 2147483647;
			files = (
				6C818AE62AF69C9300CD1630 /* Preview Assets.xcassets in Resources */,
				6C818AE32AF69C9300CD1630 /* Assets.xcassets in Resources */,
			);
			runOnlyForDeploymentPostprocessing = 0;
		};
/* End PBXResourcesBuildPhase section */

/* Begin PBXSourcesBuildPhase section */
		6C818AD72AF69C8E00CD1630 /* Sources */ = {
			isa = PBXSourcesBuildPhase;
			buildActionMask = 2147483647;
			files = (
				6C818AE12AF69C8E00CD1630 /* ContentView.swift in Sources */,
				6C818AFA2AF69EB900CD1630 /* ListingItemView.swift in Sources */,
				6C818AF82AF69E0B00CD1630 /* ExploreView.swift in Sources */,
				6C818AFE2AF6AE0600CD1630 /* SearchAndFilterBar.swift in Sources */,
				6C818ADF2AF69C8E00CD1630 /* AirBnBAppApp.swift in Sources */,
			);
			runOnlyForDeploymentPostprocessing = 0;
		};
/* End PBXSourcesBuildPhase section */

/* Begin XCBuildConfiguration section */
		6C818AE72AF69C9300CD1630 /* Debug */ = {
			isa = XCBuildConfiguration;
			buildSettings = {
				ALWAYS_SEARCH_USER_PATHS = NO;
				ASSETCATALOG_COMPILER_GENERATE_SWIFT_ASSET_SYMBOL_EXTENSIONS = YES;
				CLANG_ANALYZER_NONNULL = YES;
				CLANG_ANALYZER_NUMBER_OBJECT_CONVERSION = YES_AGGRESSIVE;
				CLANG_CXX_LANGUAGE_STANDARD = "gnu++20";
				CLANG_ENABLE_MODULES = YES;
				CLANG_ENABLE_OBJC_ARC = YES;
				CLANG_ENABLE_OBJC_WEAK = YES;
				CLANG_WARN_BLOCK_CAPTURE_AUTORELEASING = YES;
				CLANG_WARN_BOOL_CONVERSION = YES;
				CLANG_WARN_COMMA = YES;
				CLANG_WARN_CONSTANT_CONVERSION = YES;
				CLANG_WARN_DEPRECATED_OBJC_IMPLEMENTATIONS = YES;
				CLANG_WARN_DIRECT_OBJC_ISA_USAGE = YES_ERROR;
				CLANG_WARN_DOCUMENTATION_COMMENTS = YES;
				CLANG_WARN_EMPTY_BODY = YES;
				CLANG_WARN_ENUM_CONVERSION = YES;
				CLANG_WARN_INFINITE_RECURSION = YES;
				CLANG_WARN_INT_CONVERSION = YES;
				CLANG_WARN_NON_LITERAL_NULL_CONVERSION = YES;
				CLANG_WARN_OBJC_IMPLICIT_RETAIN_SELF = YES;
				CLANG_WARN_OBJC_LITERAL_CONVERSION = YES;
				CLANG_WARN_OBJC_ROOT_CLASS = YES_ERROR;
				CLANG_WARN_QUOTED_INCLUDE_IN_FRAMEWORK_HEADER = YES;
				CLANG_WARN_RANGE_LOOP_ANALYSIS = YES;
				CLANG_WARN_STRICT_PROTOTYPES = YES;
				CLANG_WARN_SUSPICIOUS_MOVE = YES;
				CLANG_WARN_UNGUARDED_AVAILABILITY = YES_AGGRESSIVE;
				CLANG_WARN_UNREACHABLE_CODE = YES;
				CLANG_WARN__DUPLICATE_METHOD_MATCH = YES;
				COPY_PHASE_STRIP = NO;
				DEBUG_INFORMATION_FORMAT = dwarf;
				ENABLE_STRICT_OBJC_MSGSEND = YES;
				ENABLE_TESTABILITY = YES;
				ENABLE_USER_SCRIPT_SANDBOXING = YES;
				GCC_C_LANGUAGE_STANDARD = gnu17;
				GCC_DYNAMIC_NO_PIC = NO;
				GCC_NO_COMMON_BLOCKS = YES;
				GCC_OPTIMIZATION_LEVEL = 0;
				GCC_PREPROCESSOR_DEFINITIONS = (
					"DEBUG=1",
					"$(inherited)",
				);
				GCC_WARN_64_TO_32_BIT_CONVERSION = YES;
				GCC_WARN_ABOUT_RETURN_TYPE = YES_ERROR;
				GCC_WARN_UNDECLARED_SELECTOR = YES;
				GCC_WARN_UNINITIALIZED_AUTOS = YES_AGGRESSIVE;
				GCC_WARN_UNUSED_FUNCTION = YES;
				GCC_WARN_UNUSED_VARIABLE = YES;
				IPHONEOS_DEPLOYMENT_TARGET = 17.0;
				LOCALIZATION_PREFERS_STRING_CATALOGS = YES;
				MTL_ENABLE_DEBUG_INFO = INCLUDE_SOURCE;
				MTL_FAST_MATH = YES;
				ONLY_ACTIVE_ARCH = YES;
				SDKROOT = iphoneos;
				SWIFT_ACTIVE_COMPILATION_CONDITIONS = "DEBUG $(inherited)";
				SWIFT_OPTIMIZATION_LEVEL = "-Onone";
			};
			name = Debug;
		};
		6C818AE82AF69C9300CD1630 /* Release */ = {
			isa = XCBuildConfiguration;
			buildSettings = {
				ALWAYS_SEARCH_USER_PATHS = NO;
				ASSETCATALOG_COMPILER_GENERATE_SWIFT_ASSET_SYMBOL_EXTENSIONS = YES;
				CLANG_ANALYZER_NONNULL = YES;
				CLANG_ANALYZER_NUMBER_OBJECT_CONVERSION = YES_AGGRESSIVE;
				CLANG_CXX_LANGUAGE_STANDARD = "gnu++20";
				CLANG_ENABLE_MODULES = YES;
				CLANG_ENABLE_OBJC_ARC = YES;
				CLANG_ENABLE_OBJC_WEAK = YES;
				CLANG_WARN_BLOCK_CAPTURE_AUTORELEASING = YES;
				CLANG_WARN_BOOL_CONVERSION = YES;
				CLANG_WARN_COMMA = YES;
				CLANG_WARN_CONSTANT_CONVERSION = YES;
				CLANG_WARN_DEPRECATED_OBJC_IMPLEMENTATIONS = YES;
				CLANG_WARN_DIRECT_OBJC_ISA_USAGE = YES_ERROR;
				CLANG_WARN_DOCUMENTATION_COMMENTS = YES;
				CLANG_WARN_EMPTY_BODY = YES;
				CLANG_WARN_ENUM_CONVERSION = YES;
				CLANG_WARN_INFINITE_RECURSION = YES;
				CLANG_WARN_INT_CONVERSION = YES;
				CLANG_WARN_NON_LITERAL_NULL_CONVERSION = YES;
				CLANG_WARN_OBJC_IMPLICIT_RETAIN_SELF = YES;
				CLANG_WARN_OBJC_LITERAL_CONVERSION = YES;
				CLANG_WARN_OBJC_ROOT_CLASS = YES_ERROR;
				CLANG_WARN_QUOTED_INCLUDE_IN_FRAMEWORK_HEADER = YES;
				CLANG_WARN_RANGE_LOOP_ANALYSIS = YES;
				CLANG_WARN_STRICT_PROTOTYPES = YES;
				CLANG_WARN_SUSPICIOUS_MOVE = YES;
				CLANG_WARN_UNGUARDED_AVAILABILITY = YES_AGGRESSIVE;
				CLANG_WARN_UNREACHABLE_CODE = YES;
				CLANG_WARN__DUPLICATE_METHOD_MATCH = YES;
				COPY_PHASE_STRIP = NO;
				DEBUG_INFORMATION_FORMAT = "dwarf-with-dsym";
				ENABLE_NS_ASSERTIONS = NO;
				ENABLE_STRICT_OBJC_MSGSEND = YES;
				ENABLE_USER_SCRIPT_SANDBOXING = YES;
				GCC_C_LANGUAGE_STANDARD = gnu17;
				GCC_NO_COMMON_BLOCKS = YES;
				GCC_WARN_64_TO_32_BIT_CONVERSION = YES;
				GCC_WARN_ABOUT_RETURN_TYPE = YES_ERROR;
				GCC_WARN_UNDECLARED_SELECTOR = YES;
				GCC_WARN_UNINITIALIZED_AUTOS = YES_AGGRESSIVE;
				GCC_WARN_UNUSED_FUNCTION = YES;
				GCC_WARN_UNUSED_VARIABLE = YES;
				IPHONEOS_DEPLOYMENT_TARGET = 17.0;
				LOCALIZATION_PREFERS_STRING_CATALOGS = YES;
				MTL_ENABLE_DEBUG_INFO = NO;
				MTL_FAST_MATH = YES;
				SDKROOT = iphoneos;
				SWIFT_COMPILATION_MODE = wholemodule;
				VALIDATE_PRODUCT = YES;
			};
			name = Release;
		};
		6C818AEA2AF69C9300CD1630 /* Debug */ = {
			isa = XCBuildConfiguration;
			buildSettings = {
				ASSETCATALOG_COMPILER_APPICON_NAME = AppIcon;
				ASSETCATALOG_COMPILER_GLOBAL_ACCENT_COLOR_NAME = AccentColor;
				CODE_SIGN_STYLE = Automatic;
				CURRENT_PROJECT_VERSION = 1;
				DEVELOPMENT_ASSET_PATHS = "\"AirBnBApp/Preview Content\"";
				DEVELOPMENT_TEAM = 345UR7Z9A7;
				ENABLE_PREVIEWS = YES;
				GENERATE_INFOPLIST_FILE = YES;
				INFOPLIST_KEY_UIApplicationSceneManifest_Generation = YES;
				INFOPLIST_KEY_UIApplicationSupportsIndirectInputEvents = YES;
				INFOPLIST_KEY_UILaunchScreen_Generation = YES;
				INFOPLIST_KEY_UISupportedInterfaceOrientations_iPad = "UIInterfaceOrientationPortrait UIInterfaceOrientationPortraitUpsideDown UIInterfaceOrientationLandscapeLeft UIInterfaceOrientationLandscapeRight";
				INFOPLIST_KEY_UISupportedInterfaceOrientations_iPhone = "UIInterfaceOrientationPortrait UIInterfaceOrientationLandscapeLeft UIInterfaceOrientationLandscapeRight";
				LD_RUNPATH_SEARCH_PATHS = (
					"$(inherited)",
					"@executable_path/Frameworks",
				);
				MARKETING_VERSION = 1.0;
				PRODUCT_BUNDLE_IDENTIFIER = com.rotadevsolutions.AirBnBApp;
				PRODUCT_NAME = "$(TARGET_NAME)";
				SWIFT_EMIT_LOC_STRINGS = YES;
				SWIFT_VERSION = 5.0;
				TARGETED_DEVICE_FAMILY = "1,2";
			};
			name = Debug;
		};
		6C818AEB2AF69C9300CD1630 /* Release */ = {
			isa = XCBuildConfiguration;
			buildSettings = {
				ASSETCATALOG_COMPILER_APPICON_NAME = AppIcon;
				ASSETCATALOG_COMPILER_GLOBAL_ACCENT_COLOR_NAME = AccentColor;
				CODE_SIGN_STYLE = Automatic;
				CURRENT_PROJECT_VERSION = 1;
				DEVELOPMENT_ASSET_PATHS = "\"AirBnBApp/Preview Content\"";
				DEVELOPMENT_TEAM = 345UR7Z9A7;
				ENABLE_PREVIEWS = YES;
				GENERATE_INFOPLIST_FILE = YES;
				INFOPLIST_KEY_UIApplicationSceneManifest_Generation = YES;
				INFOPLIST_KEY_UIApplicationSupportsIndirectInputEvents = YES;
				INFOPLIST_KEY_UILaunchScreen_Generation = YES;
				INFOPLIST_KEY_UISupportedInterfaceOrientations_iPad = "UIInterfaceOrientationPortrait UIInterfaceOrientationPortraitUpsideDown UIInterfaceOrientationLandscapeLeft UIInterfaceOrientationLandscapeRight";
				INFOPLIST_KEY_UISupportedInterfaceOrientations_iPhone = "UIInterfaceOrientationPortrait UIInterfaceOrientationLandscapeLeft UIInterfaceOrientationLandscapeRight";
				LD_RUNPATH_SEARCH_PATHS = (
					"$(inherited)",
					"@executable_path/Frameworks",
				);
				MARKETING_VERSION = 1.0;
				PRODUCT_BUNDLE_IDENTIFIER = com.rotadevsolutions.AirBnBApp;
				PRODUCT_NAME = "$(TARGET_NAME)";
				SWIFT_EMIT_LOC_STRINGS = YES;
				SWIFT_VERSION = 5.0;
				TARGETED_DEVICE_FAMILY = "1,2";
			};
			name = Release;
		};
/* End XCBuildConfiguration section */

/* Begin XCConfigurationList section */
		6C818AD62AF69C8E00CD1630 /* Build configuration list for PBXProject "AirBnBApp" */ = {
			isa = XCConfigurationList;
			buildConfigurations = (
				6C818AE72AF69C9300CD1630 /* Debug */,
				6C818AE82AF69C9300CD1630 /* Release */,
			);
			defaultConfigurationIsVisible = 0;
			defaultConfigurationName = Release;
		};
		6C818AE92AF69C9300CD1630 /* Build configuration list for PBXNativeTarget "AirBnBApp" */ = {
			isa = XCConfigurationList;
			buildConfigurations = (
				6C818AEA2AF69C9300CD1630 /* Debug */,
				6C818AEB2AF69C9300CD1630 /* Release */,
			);
			defaultConfigurationIsVisible = 0;
			defaultConfigurationName = Release;
		};
/* End XCConfigurationList section */
	};
	rootObject = 6C818AD32AF69C8E00CD1630 /* Project object */;
}
